github.com/davecgh/go-spew v1.1.1 h1:vj9j/u1bqnvCEfJOwUhtlOARqs3+rkHYY13jYWTU97c=
github.com/davecgh/go-spew v1.1.1/go.mod h1:J7Y8YcW2NihsgmVo/mv3lAwl/skON4iLHjSsI+c5H38=
github.com/jack-work/figaro v0.32.0 h1:J06sTdeZEeFziLutQNO9MNISJcV5kEo6HzFLdc9RSck=
github.com/jack-work/figaro v0.32.0/go.mod h1:YAH9BK2UhXifCwcBDCt1egbCANBX1IdrJjTyGQZncDI=
github.com/jack-work/gluck-herald v0.2.1 h1:T++5YN/1+hJKBzNwPkjvdtPwXIlwsLfSEgaaWXZzIaA=
github.com/jack-work/gluck-herald v0.2.1/go.mod h1:k1OdH7Ob5C/tSyXp+yXPIaUtzT0bySHvErVDs7dn7WY=
github.com/jack-work/jkrpc v0.1.0 h1:qx03oLiVLuCL/2j3MDy0KLPvGs0Soja/oaQ4YlM9cVg=
github.com/jack-work/jkrpc v0.1.0/go.mod h1:eY1OORs32+NWXRfbMPaX2q7jg58/7kDPB/PyoKJXZcY=
github.com/pmezard/go-difflib v1.0.0 h1:4DBwDE0NGyQoBHbLQYPwSUPoCMWR5BEzIk/f1lZbAQM=
github.com/pmezard/go-difflib v1.0.0/go.mod h1:iKH77koFhYxTK1pcRnkKkqfTogsbg7gZNVY4sRDYZ/4=
github.com/stretchr/testify v1.11.1 h1:7s2iGBzp5EwR7/aIZr8ao5+dra3wiQyKjjFuvgVKu7U=
github.com/stretchr/testify v1.11.1/go.mod h1:wZwfW3scLgRK+23gO65QZefKpKQRnfz6sD981Nm4B6U=
gopkg.in/yaml.v3 v3.0.1 h1:fxVm/GzAzEWqLHuvctI91KS9hhNmmWOoWu0XTYJS7CA=
gopkg.in/yaml.v3 v3.0.1/go.mod h1:K4uyk7z7BCEPqu6E+C64Yfv1cQ7kz7rIZviUmN+EgEM=
